
Microsoft Visual Studio Solution File, Format Version 12.00
# Visual Studio Version 17
VisualStudioVersion = 17.1.32228.430
MinimumVisualStudioVersion = 10.0.40219.1
Project("{FAE04EC0-301F-11D3-BF4B-00C04F79EFBC}") = "CRUD_Transacciones", "CRUD_Transacciones.csproj", "{41EC5D3C-3FA9-4F39-B22C-5C174A82B51C}"
EndProject
Global
	GlobalSection(SolutionConfigurationPlatforms) = preSolution
		Debug|Any CPU = Debug|Any CPU
		Release|Any CPU = Release|Any CPU
	EndGlobalSection
	GlobalSection(ProjectConfigurationPlatforms) = postSolution
		{41EC5D3C-3FA9-4F39-B22C-5C174A82B51C}.Debug|Any CPU.ActiveCfg = Debug|Any CPU
		{41EC5D3C-3FA9-4F39-B22C-5C174A82B51C}.Debug|Any CPU.Build.0 = Debug|Any CPU
		{41EC5D3C-3FA9-4F39-B22C-5C174A82B51C}.Release|Any CPU.ActiveCfg = Release|Any CPU
		{41EC5D3C-3FA9-4F39-B22C-5C174A82B51C}.Release|Any CPU.Build.0 = Release|Any CPU
	EndGlobalSection
	GlobalSection(SolutionProperties) = preSolution
		HideSolutionNode = FALSE
	EndGlobalSection
	GlobalSection(ExtensibilityGlobals) = postSolution
		SolutionGuid = {656B29A5-3184-454F-8146-274399B7CB1C}
	EndGlobalSection
EndGlobal
